// !$*UTF8*$!
{
	archiveVersion = 1;
	classes = {
	};
	objectVersion = 56;
	objects = {

/* Begin PBXBuildFile section */
		BB1F49A12A1C0B7C005639E2 /* ExpenseTrackerApp.swift in Sources */ = {isa = PBXBuildFile; fileRef = BB1F49A02A1C0B7C005639E2 /* ExpenseTrackerApp.swift */; };
		BB1F49A32A1C0B7C005639E2 /* ContentView.swift in Sources */ = {isa = PBXBuildFile; fileRef = BB1F49A22A1C0B7C005639E2 /* ContentView.swift */; };
		BB1F49A52A1C0B7E005639E2 /* Assets.xcassets in Resources */ = {isa = PBXBuildFile; fileRef = BB1F49A42A1C0B7E005639E2 /* Assets.xcassets */; };
		BB1F49A82A1C0B7E005639E2 /* Preview Assets.xcassets in Resources */ = {isa = PBXBuildFile; fileRef = BB1F49A72A1C0B7E005639E2 /* Preview Assets.xcassets */; };
		BB1F49AF2A1C0CD3005639E2 /* Extensions.swift in Sources */ = {isa = PBXBuildFile; fileRef = BB1F49AE2A1C0CD3005639E2 /* Extensions.swift */; };
		BB1F49B12A1C0E8F005639E2 /* TransactionModel.swift in Sources */ = {isa = PBXBuildFile; fileRef = BB1F49B02A1C0E8F005639E2 /* TransactionModel.swift */; };
		BB1F49B32A1C0F64005639E2 /* PreviewData.swift in Sources */ = {isa = PBXBuildFile; fileRef = BB1F49B22A1C0F64005639E2 /* PreviewData.swift */; };
		BB1F49B52A1C10C1005639E2 /* TransactionRow.swift in Sources */ = {isa = PBXBuildFile; fileRef = BB1F49B42A1C10C1005639E2 /* TransactionRow.swift */; };
		BB1F49B82A1C1404005639E2 /* SwiftUIFontIcon in Frameworks */ = {isa = PBXBuildFile; productRef = BB1F49B72A1C1404005639E2 /* SwiftUIFontIcon */; };
		BB1F49BA2A1C14AA005639E2 /* TransactionListViewModel.swift in Sources */ = {isa = PBXBuildFile; fileRef = BB1F49B92A1C14AA005639E2 /* TransactionListViewModel.swift */; };
		BB1F49BC2A1C89B8005639E2 /* RecentTransactionList.swift in Sources */ = {isa = PBXBuildFile; fileRef = BB1F49BB2A1C89B8005639E2 /* RecentTransactionList.swift */; };
		BB1F49BF2A1C9458005639E2 /* TransactionListView.swift in Sources */ = {isa = PBXBuildFile; fileRef = BB1F49BE2A1C9458005639E2 /* TransactionListView.swift */; };
		BB1F49C22A1C97B2005639E2 /* Collections in Frameworks */ = {isa = PBXBuildFile; productRef = BB1F49C12A1C97B2005639E2 /* Collections */; };
		BB1F49C42A1C97B2005639E2 /* OrderedCollections in Frameworks */ = {isa = PBXBuildFile; productRef = BB1F49C32A1C97B2005639E2 /* OrderedCollections */; };
		BB1F49C72A1C9A0E005639E2 /* SwiftUICharts in Frameworks */ = {isa = PBXBuildFile; productRef = BB1F49C62A1C9A0E005639E2 /* SwiftUICharts */; };
/* End PBXBuildFile section */

/* Begin PBXFileReference section */
		BB1F499D2A1C0B7C005639E2 /* ExpenseTracker.app */ = {isa = PBXFileReference; explicitFileType = wrapper.application; includeInIndex = 0; path = ExpenseTracker.app; sourceTree = BUILT_PRODUCTS_DIR; };
		BB1F49A02A1C0B7C005639E2 /* ExpenseTrackerApp.swift */ = {isa = PBXFileReference; lastKnownFileType = sourcecode.swift; path = ExpenseTrackerApp.swift; sourceTree = "<group>"; };
		BB1F49A22A1C0B7C005639E2 /* ContentView.swift */ = {isa = PBXFileReference; lastKnownFileType = sourcecode.swift; path = ContentView.swift; sourceTree = "<group>"; };
		BB1F49A42A1C0B7E005639E2 /* Assets.xcassets */ = {isa = PBXFileReference; lastKnownFileType = folder.assetcatalog; path = Assets.xcassets; sourceTree = "<group>"; };
		BB1F49A72A1C0B7E005639E2 /* Preview Assets.xcassets */ = {isa = PBXFileReference; lastKnownFileType = folder.assetcatalog; path = "Preview Assets.xcassets"; sourceTree = "<group>"; };
		BB1F49AE2A1C0CD3005639E2 /* Extensions.swift */ = {isa = PBXFileReference; lastKnownFileType = sourcecode.swift; path = Extensions.swift; sourceTree = "<group>"; };
		BB1F49B02A1C0E8F005639E2 /* TransactionModel.swift */ = {isa = PBXFileReference; lastKnownFileType = sourcecode.swift; path = TransactionModel.swift; sourceTree = "<group>"; };
		BB1F49B22A1C0F64005639E2 /* PreviewData.swift */ = {isa = PBXFileReference; lastKnownFileType = sourcecode.swift; path = PreviewData.swift; sourceTree = "<group>"; };
		BB1F49B42A1C10C1005639E2 /* TransactionRow.swift */ = {isa = PBXFileReference; lastKnownFileType = sourcecode.swift; path = TransactionRow.swift; sourceTree = "<group>"; };
		BB1F49B92A1C14AA005639E2 /* TransactionListViewModel.swift */ = {isa = PBXFileReference; lastKnownFileType = sourcecode.swift; path = TransactionListViewModel.swift; sourceTree = "<group>"; };
		BB1F49BB2A1C89B8005639E2 /* RecentTransactionList.swift */ = {isa = PBXFileReference; lastKnownFileType = sourcecode.swift; path = RecentTransactionList.swift; sourceTree = "<group>"; };
		BB1F49BE2A1C9458005639E2 /* TransactionListView.swift */ = {isa = PBXFileReference; lastKnownFileType = sourcecode.swift; path = TransactionListView.swift; sourceTree = "<group>"; };
/* End PBXFileReference section */

/* Begin PBXFrameworksBuildPhase section */
		BB1F499A2A1C0B7C005639E2 /* Frameworks */ = {
			isa = PBXFrameworksBuildPhase;
			buildActionMask = 2147483647;
			files = (
				BB1F49C22A1C97B2005639E2 /* Collections in Frameworks */,
				BB1F49C72A1C9A0E005639E2 /* SwiftUICharts in Frameworks */,
				BB1F49B82A1C1404005639E2 /* SwiftUIFontIcon in Frameworks */,
				BB1F49C42A1C97B2005639E2 /* OrderedCollections in Frameworks */,
			);
			runOnlyForDeploymentPostprocessing = 0;
		};
/* End PBXFrameworksBuildPhase section */

/* Begin PBXGroup section */
		BB1F49942A1C0B7C005639E2 = {
			isa = PBXGroup;
			children = (
				BB1F499F2A1C0B7C005639E2 /* ExpenseTracker */,
				BB1F499E2A1C0B7C005639E2 /* Products */,
			);
			sourceTree = "<group>";
		};
		BB1F499E2A1C0B7C005639E2 /* Products */ = {
			isa = PBXGroup;
			children = (
				BB1F499D2A1C0B7C005639E2 /* ExpenseTracker.app */,
			);
			name = Products;
			sourceTree = "<group>";
		};
		BB1F499F2A1C0B7C005639E2 /* ExpenseTracker */ = {
			isa = PBXGroup;
			children = (
				BB1F49A02A1C0B7C005639E2 /* ExpenseTrackerApp.swift */,
				BB1F49BD2A1C93C3005639E2 /* View */,
				BB1F49B02A1C0E8F005639E2 /* TransactionModel.swift */,
				BB1F49B92A1C14AA005639E2 /* TransactionListViewModel.swift */,
				BB1F49A42A1C0B7E005639E2 /* Assets.xcassets */,
				BB1F49A62A1C0B7E005639E2 /* Preview Content */,
				BB1F49AE2A1C0CD3005639E2 /* Extensions.swift */,
			);
			path = ExpenseTracker;
			sourceTree = "<group>";
		};
		BB1F49A62A1C0B7E005639E2 /* Preview Content */ = {
			isa = PBXGroup;
			children = (
				BB1F49A72A1C0B7E005639E2 /* Preview Assets.xcassets */,
				BB1F49B22A1C0F64005639E2 /* PreviewData.swift */,
			);
			path = "Preview Content";
			sourceTree = "<group>";
		};
		BB1F49BD2A1C93C3005639E2 /* View */ = {
			isa = PBXGroup;
			children = (
				BB1F49BB2A1C89B8005639E2 /* RecentTransactionList.swift */,
				BB1F49A22A1C0B7C005639E2 /* ContentView.swift */,
				BB1F49BE2A1C9458005639E2 /* TransactionListView.swift */,
				BB1F49B42A1C10C1005639E2 /* TransactionRow.swift */,
			);
			path = View;
			sourceTree = "<group>";
		};
/* End PBXGroup section */

/* Begin PBXNativeTarget section */
		BB1F499C2A1C0B7C005639E2 /* ExpenseTracker */ = {
			isa = PBXNativeTarget;
			buildConfigurationList = BB1F49AB2A1C0B7E005639E2 /* Build configuration list for PBXNativeTarget "ExpenseTracker" */;
			buildPhases = (
				BB1F49992A1C0B7C005639E2 /* Sources */,
				BB1F499A2A1C0B7C005639E2 /* Frameworks */,
				BB1F499B2A1C0B7C005639E2 /* Resources */,
			);
			buildRules = (
			);
			dependencies = (
			);
			name = ExpenseTracker;
			packageProductDependencies = (
				BB1F49B72A1C1404005639E2 /* SwiftUIFontIcon */,
				BB1F49C12A1C97B2005639E2 /* Collections */,
				BB1F49C32A1C97B2005639E2 /* OrderedCollections */,
				BB1F49C62A1C9A0E005639E2 /* SwiftUICharts */,
			);
			productName = ExpenseTracker;
			productReference = BB1F499D2A1C0B7C005639E2 /* ExpenseTracker.app */;
			productType = "com.apple.product-type.application";
		};
/* End PBXNativeTarget section */

/* Begin PBXProject section */
		BB1F49952A1C0B7C005639E2 /* Project object */ = {
			isa = PBXProject;
			attributes = {
				BuildIndependentTargetsInParallel = 1;
				LastSwiftUpdateCheck = 1430;
				LastUpgradeCheck = 1430;
				TargetAttributes = {
					BB1F499C2A1C0B7C005639E2 = {
						CreatedOnToolsVersion = 14.3;
					};
				};
			};
			buildConfigurationList = BB1F49982A1C0B7C005639E2 /* Build configuration list for PBXProject "ExpenseTracker" */;
			compatibilityVersion = "Xcode 14.0";
			developmentRegion = en;
			hasScannedForEncodings = 0;
			knownRegions = (
				en,
				Base,
			);
			mainGroup = BB1F49942A1C0B7C005639E2;
			packageReferences = (
				BB1F49B62A1C1404005639E2 /* XCRemoteSwiftPackageReference "SwiftUIFontIcon" */,
				BB1F49C02A1C97B2005639E2 /* XCRemoteSwiftPackageReference "swift-collections" */,
				BB1F49C52A1C9A0E005639E2 /* XCRemoteSwiftPackageReference "ChartView" */,
			);
			productRefGroup = BB1F499E2A1C0B7C005639E2 /* Products */;
			projectDirPath = "";
			projectRoot = "";
			targets = (
				BB1F499C2A1C0B7C005639E2 /* ExpenseTracker */,
			);
		};
/* End PBXProject section */

/* Begin PBXResourcesBuildPhase section */
		BB1F499B2A1C0B7C005639E2 /* Resources */ = {
			isa = PBXResourcesBuildPhase;
			buildActionMask = 2147483647;
			files = (
				BB1F49A82A1C0B7E005639E2 /* Preview Assets.xcassets in Resources */,
				BB1F49A52A1C0B7E005639E2 /* Assets.xcassets in Resources */,
			);
			runOnlyForDeploymentPostprocessing = 0;
		};
/* End PBXResourcesBuildPhase section */

/* Begin PBXSourcesBuildPhase section */
		BB1F49992A1C0B7C005639E2 /* Sources */ = {
			isa = PBXSourcesBuildPhase;
			buildActionMask = 2147483647;
			files = (
				BB1F49B32A1C0F64005639E2 /* PreviewData.swift in Sources */,
				BB1F49BC2A1C89B8005639E2 /* RecentTransactionList.swift in Sources */,
				BB1F49B12A1C0E8F005639E2 /* TransactionModel.swift in Sources */,
				BB1F49A32A1C0B7C005639E2 /* ContentView.swift in Sources */,
				BB1F49B52A1C10C1005639E2 /* TransactionRow.swift in Sources */,
				BB1F49AF2A1C0CD3005639E2 /* Extensions.swift in Sources */,
				BB1F49BA2A1C14AA005639E2 /* TransactionListViewModel.swift in Sources */,
				BB1F49A12A1C0B7C005639E2 /* ExpenseTrackerApp.swift in Sources */,
				BB1F49BF2A1C9458005639E2 /* TransactionListView.swift in Sources */,
			);
			runOnlyForDeploymentPostprocessing = 0;
		};
/* End PBXSourcesBuildPhase section */

/* Begin XCBuildConfiguration section */
		BB1F49A92A1C0B7E005639E2 /* Debug */ = {
			isa = XCBuildConfiguration;
			buildSettings = {
				ALWAYS_SEARCH_USER_PATHS = NO;
				CLANG_ANALYZER_NONNULL = YES;
				CLANG_ANALYZER_NUMBER_OBJECT_CONVERSION = YES_AGGRESSIVE;
				CLANG_CXX_LANGUAGE_STANDARD = "gnu++20";
				CLANG_ENABLE_MODULES = YES;
				CLANG_ENABLE_OBJC_ARC = YES;
				CLANG_ENABLE_OBJC_WEAK = YES;
				CLANG_WARN_BLOCK_CAPTURE_AUTORELEASING = YES;
				CLANG_WARN_BOOL_CONVERSION = YES;
				CLANG_WARN_COMMA = YES;
				CLANG_WARN_CONSTANT_CONVERSION = YES;
				CLANG_WARN_DEPRECATED_OBJC_IMPLEMENTATIONS = YES;
				CLANG_WARN_DIRECT_OBJC_ISA_USAGE = YES_ERROR;
				CLANG_WARN_DOCUMENTATION_COMMENTS = YES;
				CLANG_WARN_EMPTY_BODY = YES;
				CLANG_WARN_ENUM_CONVERSION = YES;
				CLANG_WARN_INFINITE_RECURSION = YES;
				CLANG_WARN_INT_CONVERSION = YES;
				CLANG_WARN_NON_LITERAL_NULL_CONVERSION = YES;
				CLANG_WARN_OBJC_IMPLICIT_RETAIN_SELF = YES;
				CLANG_WARN_OBJC_LITERAL_CONVERSION = YES;
				CLANG_WARN_OBJC_ROOT_CLASS = YES_ERROR;
				CLANG_WARN_QUOTED_INCLUDE_IN_FRAMEWORK_HEADER = YES;
				CLANG_WARN_RANGE_LOOP_ANALYSIS = YES;
				CLANG_WARN_STRICT_PROTOTYPES = YES;
				CLANG_WARN_SUSPICIOUS_MOVE = YES;
				CLANG_WARN_UNGUARDED_AVAILABILITY = YES_AGGRESSIVE;
				CLANG_WARN_UNREACHABLE_CODE = YES;
				CLANG_WARN__DUPLICATE_METHOD_MATCH = YES;
				COPY_PHASE_STRIP = NO;
				DEBUG_INFORMATION_FORMAT = dwarf;
				ENABLE_STRICT_OBJC_MSGSEND = YES;
				ENABLE_TESTABILITY = YES;
				GCC_C_LANGUAGE_STANDARD = gnu11;
				GCC_DYNAMIC_NO_PIC = NO;
				GCC_NO_COMMON_BLOCKS = YES;
				GCC_OPTIMIZATION_LEVEL = 0;
				GCC_PREPROCESSOR_DEFINITIONS = (
					"DEBUG=1",
					"$(inherited)",
				);
				GCC_WARN_64_TO_32_BIT_CONVERSION = YES;
				GCC_WARN_ABOUT_RETURN_TYPE = YES_ERROR;
				GCC_WARN_UNDECLARED_SELECTOR = YES;
				GCC_WARN_UNINITIALIZED_AUTOS = YES_AGGRESSIVE;
				GCC_WARN_UNUSED_FUNCTION = YES;
				GCC_WARN_UNUSED_VARIABLE = YES;
				IPHONEOS_DEPLOYMENT_TARGET = 16.4;
				MTL_ENABLE_DEBUG_INFO = INCLUDE_SOURCE;
				MTL_FAST_MATH = YES;
				ONLY_ACTIVE_ARCH = YES;
				SDKROOT = iphoneos;
				SWIFT_ACTIVE_COMPILATION_CONDITIONS = DEBUG;
				SWIFT_OPTIMIZATION_LEVEL = "-Onone";
			};
			name = Debug;
		};
		BB1F49AA2A1C0B7E005639E2 /* Release */ = {
			isa = XCBuildConfiguration;
			buildSettings = {
				ALWAYS_SEARCH_USER_PATHS = NO;
				CLANG_ANALYZER_NONNULL = YES;
				CLANG_ANALYZER_NUMBER_OBJECT_CONVERSION = YES_AGGRESSIVE;
				CLANG_CXX_LANGUAGE_STANDARD = "gnu++20";
				CLANG_ENABLE_MODULES = YES;
				CLANG_ENABLE_OBJC_ARC = YES;
				CLANG_ENABLE_OBJC_WEAK = YES;
				CLANG_WARN_BLOCK_CAPTURE_AUTORELEASING = YES;
				CLANG_WARN_BOOL_CONVERSION = YES;
				CLANG_WARN_COMMA = YES;
				CLANG_WARN_CONSTANT_CONVERSION = YES;
				CLANG_WARN_DEPRECATED_OBJC_IMPLEMENTATIONS = YES;
				CLANG_WARN_DIRECT_OBJC_ISA_USAGE = YES_ERROR;
				CLANG_WARN_DOCUMENTATION_COMMENTS = YES;
				CLANG_WARN_EMPTY_BODY = YES;
				CLANG_WARN_ENUM_CONVERSION = YES;
				CLANG_WARN_INFINITE_RECURSION = YES;
				CLANG_WARN_INT_CONVERSION = YES;
				CLANG_WARN_NON_LITERAL_NULL_CONVERSION = YES;
				CLANG_WARN_OBJC_IMPLICIT_RETAIN_SELF = YES;
				CLANG_WARN_OBJC_LITERAL_CONVERSION = YES;
				CLANG_WARN_OBJC_ROOT_CLASS = YES_ERROR;
				CLANG_WARN_QUOTED_INCLUDE_IN_FRAMEWORK_HEADER = YES;
				CLANG_WARN_RANGE_LOOP_ANALYSIS = YES;
				CLANG_WARN_STRICT_PROTOTYPES = YES;
				CLANG_WARN_SUSPICIOUS_MOVE = YES;
				CLANG_WARN_UNGUARDED_AVAILABILITY = YES_AGGRESSIVE;
				CLANG_WARN_UNREACHABLE_CODE = YES;
				CLANG_WARN__DUPLICATE_METHOD_MATCH = YES;
				COPY_PHASE_STRIP = NO;
				DEBUG_INFORMATION_FORMAT = "dwarf-with-dsym";
				ENABLE_NS_ASSERTIONS = NO;
				ENABLE_STRICT_OBJC_MSGSEND = YES;
				GCC_C_LANGUAGE_STANDARD = gnu11;
				GCC_NO_COMMON_BLOCKS = YES;
				GCC_WARN_64_TO_32_BIT_CONVERSION = YES;
				GCC_WARN_ABOUT_RETURN_TYPE = YES_ERROR;
				GCC_WARN_UNDECLARED_SELECTOR = YES;
				GCC_WARN_UNINITIALIZED_AUTOS = YES_AGGRESSIVE;
				GCC_WARN_UNUSED_FUNCTION = YES;
				GCC_WARN_UNUSED_VARIABLE = YES;
				IPHONEOS_DEPLOYMENT_TARGET = 16.4;
				MTL_ENABLE_DEBUG_INFO = NO;
				MTL_FAST_MATH = YES;
				SDKROOT = iphoneos;
				SWIFT_COMPILATION_MODE = wholemodule;
				SWIFT_OPTIMIZATION_LEVEL = "-O";
				VALIDATE_PRODUCT = YES;
			};
			name = Release;
		};
		BB1F49AC2A1C0B7E005639E2 /* Debug */ = {
			isa = XCBuildConfiguration;
			buildSettings = {
				ASSETCATALOG_COMPILER_APPICON_NAME = AppIcon;
				ASSETCATALOG_COMPILER_GLOBAL_ACCENT_COLOR_NAME = AccentColor;
				CODE_SIGN_STYLE = Automatic;
				CURRENT_PROJECT_VERSION = 1;
				DEVELOPMENT_ASSET_PATHS = "\"ExpenseTracker/Preview Content\"";
				DEVELOPMENT_TEAM = 8C6338U8JH;
				ENABLE_PREVIEWS = YES;
				GENERATE_INFOPLIST_FILE = YES;
				INFOPLIST_KEY_UIApplicationSceneManifest_Generation = YES;
				INFOPLIST_KEY_UIApplicationSupportsIndirectInputEvents = YES;
				INFOPLIST_KEY_UILaunchScreen_Generation = YES;
				INFOPLIST_KEY_UISupportedInterfaceOrientations_iPad = "UIInterfaceOrientationPortrait UIInterfaceOrientationPortraitUpsideDown UIInterfaceOrientationLandscapeLeft UIInterfaceOrientationLandscapeRight";
				INFOPLIST_KEY_UISupportedInterfaceOrientations_iPhone = "UIInterfaceOrientationPortrait UIInterfaceOrientationLandscapeLeft UIInterfaceOrientationLandscapeRight";
				LD_RUNPATH_SEARCH_PATHS = (
					"$(inherited)",
					"@executable_path/Frameworks",
				);
				MARKETING_VERSION = 1.0;
				PRODUCT_BUNDLE_IDENTIFIER = babanin.ExpenseTracker;
				PRODUCT_NAME = "$(TARGET_NAME)";
				SWIFT_EMIT_LOC_STRINGS = YES;
				SWIFT_VERSION = 5.0;
				TARGETED_DEVICE_FAMILY = "1,2";
			};
			name = Debug;
		};
		BB1F49AD2A1C0B7E005639E2 /* Release */ = {
			isa = XCBuildConfiguration;
			buildSettings = {
				ASSETCATALOG_COMPILER_APPICON_NAME = AppIcon;
				ASSETCATALOG_COMPILER_GLOBAL_ACCENT_COLOR_NAME = AccentColor;
				CODE_SIGN_STYLE = Automatic;
				CURRENT_PROJECT_VERSION = 1;
				DEVELOPMENT_ASSET_PATHS = "\"ExpenseTracker/Preview Content\"";
				DEVELOPMENT_TEAM = 8C6338U8JH;
				ENABLE_PREVIEWS = YES;
				GENERATE_INFOPLIST_FILE = YES;
				INFOPLIST_KEY_UIApplicationSceneManifest_Generation = YES;
				INFOPLIST_KEY_UIApplicationSupportsIndirectInputEvents = YES;
				INFOPLIST_KEY_UILaunchScreen_Generation = YES;
				INFOPLIST_KEY_UISupportedInterfaceOrientations_iPad = "UIInterfaceOrientationPortrait UIInterfaceOrientationPortraitUpsideDown UIInterfaceOrientationLandscapeLeft UIInterfaceOrientationLandscapeRight";
				INFOPLIST_KEY_UISupportedInterfaceOrientations_iPhone = "UIInterfaceOrientationPortrait UIInterfaceOrientationLandscapeLeft UIInterfaceOrientationLandscapeRight";
				LD_RUNPATH_SEARCH_PATHS = (
					"$(inherited)",
					"@executable_path/Frameworks",
				);
				MARKETING_VERSION = 1.0;
				PRODUCT_BUNDLE_IDENTIFIER = babanin.ExpenseTracker;
				PRODUCT_NAME = "$(TARGET_NAME)";
				SWIFT_EMIT_LOC_STRINGS = YES;
				SWIFT_VERSION = 5.0;
				TARGETED_DEVICE_FAMILY = "1,2";
			};
			name = Release;
		};
/* End XCBuildConfiguration section */

/* Begin XCConfigurationList section */
		BB1F49982A1C0B7C005639E2 /* Build configuration list for PBXProject "ExpenseTracker" */ = {
			isa = XCConfigurationList;
			buildConfigurations = (
				BB1F49A92A1C0B7E005639E2 /* Debug */,
				BB1F49AA2A1C0B7E005639E2 /* Release */,
			);
			defaultConfigurationIsVisible = 0;
			defaultConfigurationName = Release;
		};
		BB1F49AB2A1C0B7E005639E2 /* Build configuration list for PBXNativeTarget "ExpenseTracker" */ = {
			isa = XCConfigurationList;
			buildConfigurations = (
				BB1F49AC2A1C0B7E005639E2 /* Debug */,
				BB1F49AD2A1C0B7E005639E2 /* Release */,
			);
			defaultConfigurationIsVisible = 0;
			defaultConfigurationName = Release;
		};
/* End XCConfigurationList section */

/* Begin XCRemoteSwiftPackageReference section */
		BB1F49B62A1C1404005639E2 /* XCRemoteSwiftPackageReference "SwiftUIFontIcon" */ = {
			isa = XCRemoteSwiftPackageReference;
			repositoryURL = "https://github.com/huybuidac/SwiftUIFontIcon";
			requirement = {
				branch = master;
				kind = branch;
			};
		};
		BB1F49C02A1C97B2005639E2 /* XCRemoteSwiftPackageReference "swift-collections" */ = {
			isa = XCRemoteSwiftPackageReference;
			repositoryURL = "https://github.com/apple/swift-collections.git";
			requirement = {
				kind = upToNextMajorVersion;
				minimumVersion = 1.0.0;
			};
		};
		BB1F49C52A1C9A0E005639E2 /* XCRemoteSwiftPackageReference "ChartView" */ = {
			isa = XCRemoteSwiftPackageReference;
			repositoryURL = "https://github.com/AppPear/ChartView";
			requirement = {
				kind = exactVersion;
				version = "2.0.0-beta.2";
			};
		};
/* End XCRemoteSwiftPackageReference section */

/* Begin XCSwiftPackageProductDependency section */
		BB1F49B72A1C1404005639E2 /* SwiftUIFontIcon */ = {
			isa = XCSwiftPackageProductDependency;
			package = BB1F49B62A1C1404005639E2 /* XCRemoteSwiftPackageReference "SwiftUIFontIcon" */;
			productName = SwiftUIFontIcon;
		};
		BB1F49C12A1C97B2005639E2 /* Collections */ = {
			isa = XCSwiftPackageProductDependency;
			package = BB1F49C02A1C97B2005639E2 /* XCRemoteSwiftPackageReference "swift-collections" */;
			productName = Collections;
		};
		BB1F49C32A1C97B2005639E2 /* OrderedCollections */ = {
			isa = XCSwiftPackageProductDependency;
			package = BB1F49C02A1C97B2005639E2 /* XCRemoteSwiftPackageReference "swift-collections" */;
			productName = OrderedCollections;
		};
		BB1F49C62A1C9A0E005639E2 /* SwiftUICharts */ = {
			isa = XCSwiftPackageProductDependency;
			package = BB1F49C52A1C9A0E005639E2 /* XCRemoteSwiftPackageReference "ChartView" */;
			productName = SwiftUICharts;
		};
/* End XCSwiftPackageProductDependency section */
	};
	rootObject = BB1F49952A1C0B7C005639E2 /* Project object */;
}
